
Microsoft Visual Studio Solution File, Format Version 12.00
# Visual Studio 15
VisualStudioVersion = 15.0.27130.2026
MinimumVisualStudioVersion = 10.0.40219.1
Project("{FAE04EC0-301F-11D3-BF4B-00C04F79EFBC}") = "Mod1_Lab1", "Mod1_Lab1\Mod1_Lab1.csproj", "{CA8AB99D-7DE6-49F0-89B3-BEBBFB70A8AF}"
EndProject
Global
	GlobalSection(SolutionConfigurationPlatforms) = preSolution
		Debug|Any CPU = Debug|Any CPU
		Release|Any CPU = Release|Any CPU
	EndGlobalSection
	GlobalSection(ProjectConfigurationPlatforms) = postSolution
		{CA8AB99D-7DE6-49F0-89B3-BEBBFB70A8AF}.Debug|Any CPU.ActiveCfg = Debug|Any CPU
		{CA8AB99D-7DE6-49F0-89B3-BEBBFB70A8AF}.Debug|Any CPU.Build.0 = Debug|Any CPU
		{CA8AB99D-7DE6-49F0-89B3-BEBBFB70A8AF}.Release|Any CPU.ActiveCfg = Release|Any CPU
		{CA8AB99D-7DE6-49F0-89B3-BEBBFB70A8AF}.Release|Any CPU.Build.0 = Release|Any CPU
	EndGlobalSection
	GlobalSection(SolutionProperties) = preSolution
		HideSolutionNode = FALSE
	EndGlobalSection
	GlobalSection(ExtensibilityGlobals) = postSolution
		SolutionGuid = {3C7DF414-2FCB-4B44-AB67-A047B062CB72}
	EndGlobalSection
EndGlobal
