
Microsoft Visual Studio Solution File, Format Version 12.00
# Visual Studio 15
VisualStudioVersion = 15.0.27130.2026
MinimumVisualStudioVersion = 10.0.40219.1
Project("{FAE04EC0-301F-11D3-BF4B-00C04F79EFBC}") = "Mod2_Lab3", "Mod2_Lab3\Mod2_Lab3.csproj", "{567BA5D9-FE77-4CFF-B19F-50F08B7DF828}"
EndProject
Global
	GlobalSection(SolutionConfigurationPlatforms) = preSolution
		Debug|Any CPU = Debug|Any CPU
		Release|Any CPU = Release|Any CPU
	EndGlobalSection
	GlobalSection(ProjectConfigurationPlatforms) = postSolution
		{567BA5D9-FE77-4CFF-B19F-50F08B7DF828}.Debug|Any CPU.ActiveCfg = Debug|Any CPU
		{567BA5D9-FE77-4CFF-B19F-50F08B7DF828}.Debug|Any CPU.Build.0 = Debug|Any CPU
		{567BA5D9-FE77-4CFF-B19F-50F08B7DF828}.Release|Any CPU.ActiveCfg = Release|Any CPU
		{567BA5D9-FE77-4CFF-B19F-50F08B7DF828}.Release|Any CPU.Build.0 = Release|Any CPU
	EndGlobalSection
	GlobalSection(SolutionProperties) = preSolution
		HideSolutionNode = FALSE
	EndGlobalSection
	GlobalSection(ExtensibilityGlobals) = postSolution
		SolutionGuid = {887395BD-3CD4-4CF4-96CE-5198A05478DA}
	EndGlobalSection
EndGlobal
